
Microsoft Visual Studio Solution File, Format Version 12.00
# Visual Studio 2013
VisualStudioVersion = 12.0.21005.1
MinimumVisualStudioVersion = 10.0.40219.1
Project("{FAE04EC0-301F-11D3-BF4B-00C04F79EFBC}") = "CG_Furniture", "CG_Furniture\CG_Furniture.csproj", "{A0A8F0B9-E6F1-4A44-9E96-525C24418E15}"
EndProject
Project("{FAE04EC0-301F-11D3-BF4B-00C04F79EFBC}") = "DBCL", "DBCL\DBCL.csproj", "{B3FF38AD-3712-494B-A992-FAAF678B63EE}"
EndProject
Global
	GlobalSection(SolutionConfigurationPlatforms) = preSolution
		Debug|Any CPU = Debug|Any CPU
		Release|Any CPU = Release|Any CPU
	EndGlobalSection
	GlobalSection(ProjectConfigurationPlatforms) = postSolution
		{A0A8F0B9-E6F1-4A44-9E96-525C24418E15}.Debug|Any CPU.ActiveCfg = Debug|Any CPU
		{A0A8F0B9-E6F1-4A44-9E96-525C24418E15}.Debug|Any CPU.Build.0 = Debug|Any CPU
		{A0A8F0B9-E6F1-4A44-9E96-525C24418E15}.Release|Any CPU.ActiveCfg = Release|Any CPU
		{A0A8F0B9-E6F1-4A44-9E96-525C24418E15}.Release|Any CPU.Build.0 = Release|Any CPU
		{B3FF38AD-3712-494B-A992-FAAF678B63EE}.Debug|Any CPU.ActiveCfg = Debug|Any CPU
		{B3FF38AD-3712-494B-A992-FAAF678B63EE}.Debug|Any CPU.Build.0 = Debug|Any CPU
		{B3FF38AD-3712-494B-A992-FAAF678B63EE}.Release|Any CPU.ActiveCfg = Release|Any CPU
		{B3FF38AD-3712-494B-A992-FAAF678B63EE}.Release|Any CPU.Build.0 = Release|Any CPU
	EndGlobalSection
	GlobalSection(SolutionProperties) = preSolution
		HideSolutionNode = FALSE
	EndGlobalSection
EndGlobal
